
Microsoft Visual Studio Solution File, Format Version 12.00
# Visual Studio Version 17
VisualStudioVersion = 17.4.33122.133
MinimumVisualStudioVersion = 10.0.40219.1
Project("{9A19103F-16F7-4668-BE54-9A1E7A4F7556}") = "SkyCoopDedicatedServer", "SkyCoopDedicatedServer\SkyCoopDedicatedServer.csproj", "{C8DF1E8F-8B30-4632-A457-D521E367B6FD}"
EndProject
Global
	GlobalSection(SolutionConfigurationPlatforms) = preSolution
		Linux_Debug|Any CPU = Linux_Debug|Any CPU
		Linux_Release|Any CPU = Linux_Release|Any CPU
		Windows_Debug|Any CPU = Windows_Debug|Any CPU
		Windows_Release|Any CPU = Windows_Release|Any CPU
	EndGlobalSection
	GlobalSection(ProjectConfigurationPlatforms) = postSolution
		{C8DF1E8F-8B30-4632-A457-D521E367B6FD}.Linux_Debug|Any CPU.ActiveCfg = Linux_Debug|Any CPU
		{C8DF1E8F-8B30-4632-A457-D521E367B6FD}.Linux_Debug|Any CPU.Build.0 = Linux_Debug|Any CPU
		{C8DF1E8F-8B30-4632-A457-D521E367B6FD}.Linux_Release|Any CPU.ActiveCfg = Linux_Release|Any CPU
		{C8DF1E8F-8B30-4632-A457-D521E367B6FD}.Linux_Release|Any CPU.Build.0 = Linux_Release|Any CPU
		{C8DF1E8F-8B30-4632-A457-D521E367B6FD}.Windows_Debug|Any CPU.ActiveCfg = Windows_Debug|Any CPU
		{C8DF1E8F-8B30-4632-A457-D521E367B6FD}.Windows_Debug|Any CPU.Build.0 = Windows_Debug|Any CPU
		{C8DF1E8F-8B30-4632-A457-D521E367B6FD}.Windows_Release|Any CPU.ActiveCfg = Windows_Release|Any CPU
		{C8DF1E8F-8B30-4632-A457-D521E367B6FD}.Windows_Release|Any CPU.Build.0 = Windows_Release|Any CPU
	EndGlobalSection
	GlobalSection(SolutionProperties) = preSolution
		HideSolutionNode = FALSE
	EndGlobalSection
	GlobalSection(ExtensibilityGlobals) = postSolution
		SolutionGuid = {A4C596E8-1AFC-4E79-9D3C-AC2F8A860DC4}
	EndGlobalSection
EndGlobal
