
Microsoft Visual Studio Solution File, Format Version 12.00
# Visual Studio Version 17
VisualStudioVersion = 17.4.33122.133
MinimumVisualStudioVersion = 10.0.40219.1
Project("{9A19103F-16F7-4668-BE54-9A1E7A4F7556}") = "SkyCoopDedicatedServer", "SkyCoopDedicatedServer\SkyCoopDedicatedServer.csproj", "{C8DF1E8F-8B30-4632-A457-D521E367B6FD}"
EndProject
Project("{9A19103F-16F7-4668-BE54-9A1E7A4F7556}") = "SkyCoopDedicatedServerKickstarter", "SkyCoopDedicatedServerKickstarter\SkyCoopDedicatedServerKickstarter.csproj", "{112B54AE-8E5F-4957-A3F7-1CAF15ACE835}"
EndProject
Project("{9A19103F-16F7-4668-BE54-9A1E7A4F7556}") = "SkyCoopDedicatedServerGraphBuilder", "SkyCoopDedicatedServerGraphBuilder\SkyCoopDedicatedServerGraphBuilder.csproj", "{5B182EC2-212D-4842-978C-6785F7BA012B}"
EndProject
Global
	GlobalSection(SolutionConfigurationPlatforms) = preSolution
		Debug|Any CPU = Debug|Any CPU
		Release|Any CPU = Release|Any CPU
	EndGlobalSection
	GlobalSection(ProjectConfigurationPlatforms) = postSolution
		{C8DF1E8F-8B30-4632-A457-D521E367B6FD}.Debug|Any CPU.ActiveCfg = Debug|Any CPU
		{C8DF1E8F-8B30-4632-A457-D521E367B6FD}.Debug|Any CPU.Build.0 = Debug|Any CPU
		{C8DF1E8F-8B30-4632-A457-D521E367B6FD}.Release|Any CPU.ActiveCfg = Release|Any CPU
		{C8DF1E8F-8B30-4632-A457-D521E367B6FD}.Release|Any CPU.Build.0 = Release|Any CPU
		{112B54AE-8E5F-4957-A3F7-1CAF15ACE835}.Debug|Any CPU.ActiveCfg = ServerKickstarter|Any CPU
		{112B54AE-8E5F-4957-A3F7-1CAF15ACE835}.Debug|Any CPU.Build.0 = ServerKickstarter|Any CPU
		{112B54AE-8E5F-4957-A3F7-1CAF15ACE835}.Release|Any CPU.ActiveCfg = ServerKickstarter|Any CPU
		{112B54AE-8E5F-4957-A3F7-1CAF15ACE835}.Release|Any CPU.Build.0 = ServerKickstarter|Any CPU
		{5B182EC2-212D-4842-978C-6785F7BA012B}.Debug|Any CPU.ActiveCfg = GraphBuilder|Any CPU
		{5B182EC2-212D-4842-978C-6785F7BA012B}.Debug|Any CPU.Build.0 = GraphBuilder|Any CPU
		{5B182EC2-212D-4842-978C-6785F7BA012B}.Release|Any CPU.ActiveCfg = GraphBuilder|Any CPU
		{5B182EC2-212D-4842-978C-6785F7BA012B}.Release|Any CPU.Build.0 = GraphBuilder|Any CPU
	EndGlobalSection
	GlobalSection(SolutionProperties) = preSolution
		HideSolutionNode = FALSE
	EndGlobalSection
	GlobalSection(ExtensibilityGlobals) = postSolution
		SolutionGuid = {A4C596E8-1AFC-4E79-9D3C-AC2F8A860DC4}
	EndGlobalSection
EndGlobal
